
Microsoft Visual Studio Solution File, Format Version 12.00
# Visual Studio 14
VisualStudioVersion = 14.0.24720.0
MinimumVisualStudioVersion = 10.0.40219.1
Project("{FAE04EC0-301F-11D3-BF4B-00C04F79EFBC}") = "z1", "z1\z1.csproj", "{2970524E-B40F-4B53-9B4B-D67DE2AC791F}"
EndProject
Project("{FAE04EC0-301F-11D3-BF4B-00C04F79EFBC}") = "UnitTestProject1", "UnitTestProject1\UnitTestProject1.csproj", "{27403288-7C64-4931-94F4-FF5A2A23BECB}"
EndProject
Global
	GlobalSection(SolutionConfigurationPlatforms) = preSolution
		Debug|Any CPU = Debug|Any CPU
		Release|Any CPU = Release|Any CPU
	EndGlobalSection
	GlobalSection(ProjectConfigurationPlatforms) = postSolution
		{2970524E-B40F-4B53-9B4B-D67DE2AC791F}.Debug|Any CPU.ActiveCfg = Debug|Any CPU
		{2970524E-B40F-4B53-9B4B-D67DE2AC791F}.Debug|Any CPU.Build.0 = Debug|Any CPU
		{2970524E-B40F-4B53-9B4B-D67DE2AC791F}.Release|Any CPU.ActiveCfg = Release|Any CPU
		{2970524E-B40F-4B53-9B4B-D67DE2AC791F}.Release|Any CPU.Build.0 = Release|Any CPU
		{27403288-7C64-4931-94F4-FF5A2A23BECB}.Debug|Any CPU.ActiveCfg = Debug|Any CPU
		{27403288-7C64-4931-94F4-FF5A2A23BECB}.Debug|Any CPU.Build.0 = Debug|Any CPU
		{27403288-7C64-4931-94F4-FF5A2A23BECB}.Release|Any CPU.ActiveCfg = Release|Any CPU
		{27403288-7C64-4931-94F4-FF5A2A23BECB}.Release|Any CPU.Build.0 = Release|Any CPU
	EndGlobalSection
	GlobalSection(SolutionProperties) = preSolution
		HideSolutionNode = FALSE
	EndGlobalSection
EndGlobal
