
Microsoft Visual Studio Solution File, Format Version 12.00
# Visual Studio 14
VisualStudioVersion = 14.0.24720.0
MinimumVisualStudioVersion = 10.0.40219.1
Project("{FAE04EC0-301F-11D3-BF4B-00C04F79EFBC}") = "Zadanie1", "Zadanie1\Zadanie1.csproj", "{CFB2DD31-17F6-40C8-B749-E228EA7694CA}"
EndProject
Global
	GlobalSection(SolutionConfigurationPlatforms) = preSolution
		Debug|Any CPU = Debug|Any CPU
		Release|Any CPU = Release|Any CPU
	EndGlobalSection
	GlobalSection(ProjectConfigurationPlatforms) = postSolution
		{CFB2DD31-17F6-40C8-B749-E228EA7694CA}.Debug|Any CPU.ActiveCfg = Debug|Any CPU
		{CFB2DD31-17F6-40C8-B749-E228EA7694CA}.Debug|Any CPU.Build.0 = Debug|Any CPU
		{CFB2DD31-17F6-40C8-B749-E228EA7694CA}.Release|Any CPU.ActiveCfg = Release|Any CPU
		{CFB2DD31-17F6-40C8-B749-E228EA7694CA}.Release|Any CPU.Build.0 = Release|Any CPU
	EndGlobalSection
	GlobalSection(SolutionProperties) = preSolution
		HideSolutionNode = FALSE
	EndGlobalSection
EndGlobal
